# This file is automatically @generated by Poetry 1.6.1 and should not be changed by hand.

[[package]]
name = "six"
version = "1.16.0"
description = "Python 2 and 3 compatibility utilities"
optional = false
python-versions = ">=2.7, !=3.0.*, !=3.1.*, !=3.2.*"
files = [
    {file = "six-1.16.0-py2.py3-none-any.whl", hash = "sha256:8abb2f1d86890a2dfb989f9a77cfcfd3e47c2a354b01111771326f8aa26e0254"},
    {file = "six-1.16.0.tar.gz", hash = "sha256:1e61c37477a1626458e36f7b1d82aa5c9b094fa4802892072e49de9c60c4c926"},
]

[[package]]
name = "smpplib"
version = "2.2.3"
description = "SMPP library for python"
optional = false
python-versions = "*"
files = [
    {file = "smpplib-2.2.3-py3-none-any.whl", hash = "sha256:62abc429602bd3f4e351ee786eed514f9d12fffc05d1b8d2dc715d96a733820a"},
    {file = "smpplib-2.2.3.tar.gz", hash = "sha256:5215a95b0538d26f189600e0982b31da8281f7453cd6e2862c5b21e3e1002331"},
]

[package.dependencies]
six = "*"

[package.extras]
tests = ["mock", "pytest", "typing"]

[metadata]
lock-version = "2.0"
python-versions = "^3.11"
content-hash = "ec409d355b3d86c3e35a44577d81486d59f07c796ce7e7eadc088c52633da2be"
